
Microsoft Visual Studio Solution File, Format Version 12.00
# Visual Studio Version 17
VisualStudioVersion = 17.2.32526.322
MinimumVisualStudioVersion = 10.0.40219.1
Project("{FAE04EC0-301F-11D3-BF4B-00C04F79EFBC}") = "long,int,byt to Bits", "long,int,byt to Bits.csproj", "{AAEE1487-AC80-4006-9F1B-2D1A1E121D2E}"
EndProject
Global
	GlobalSection(SolutionConfigurationPlatforms) = preSolution
		Debug|Any CPU = Debug|Any CPU
		Release|Any CPU = Release|Any CPU
	EndGlobalSection
	GlobalSection(ProjectConfigurationPlatforms) = postSolution
		{AAEE1487-AC80-4006-9F1B-2D1A1E121D2E}.Debug|Any CPU.ActiveCfg = Debug|Any CPU
		{AAEE1487-AC80-4006-9F1B-2D1A1E121D2E}.Debug|Any CPU.Build.0 = Debug|Any CPU
		{AAEE1487-AC80-4006-9F1B-2D1A1E121D2E}.Release|Any CPU.ActiveCfg = Release|Any CPU
		{AAEE1487-AC80-4006-9F1B-2D1A1E121D2E}.Release|Any CPU.Build.0 = Release|Any CPU
	EndGlobalSection
	GlobalSection(SolutionProperties) = preSolution
		HideSolutionNode = FALSE
	EndGlobalSection
	GlobalSection(ExtensibilityGlobals) = postSolution
		SolutionGuid = {F1384738-0A61-4FE2-93DB-C0B1F6F6EC88}
	EndGlobalSection
EndGlobal
